
Microsoft Visual Studio Solution File, Format Version 12.00
# Visual Studio 15
VisualStudioVersion = 15.0.27130.2027
MinimumVisualStudioVersion = 10.0.40219.1
Project("{9A19103F-16F7-4668-BE54-9A1E7A4F7556}") = "TokenAuth", "TokenAuth\TokenAuth.csproj", "{1141FE2C-921B-4575-A02B-82B54D5ABB69}"
EndProject
Project("{9A19103F-16F7-4668-BE54-9A1E7A4F7556}") = "MisturTee", "MisturTee\MisturTee.csproj", "{C14AD67C-29FC-46A2-B7D8-622AED5C44D8}"
EndProject
Global
	GlobalSection(SolutionConfigurationPlatforms) = preSolution
		Debug|Any CPU = Debug|Any CPU
		Release|Any CPU = Release|Any CPU
	EndGlobalSection
	GlobalSection(ProjectConfigurationPlatforms) = postSolution
		{1141FE2C-921B-4575-A02B-82B54D5ABB69}.Debug|Any CPU.ActiveCfg = Debug|Any CPU
		{1141FE2C-921B-4575-A02B-82B54D5ABB69}.Debug|Any CPU.Build.0 = Debug|Any CPU
		{1141FE2C-921B-4575-A02B-82B54D5ABB69}.Release|Any CPU.ActiveCfg = Release|Any CPU
		{1141FE2C-921B-4575-A02B-82B54D5ABB69}.Release|Any CPU.Build.0 = Release|Any CPU
		{C14AD67C-29FC-46A2-B7D8-622AED5C44D8}.Debug|Any CPU.ActiveCfg = Debug|Any CPU
		{C14AD67C-29FC-46A2-B7D8-622AED5C44D8}.Debug|Any CPU.Build.0 = Debug|Any CPU
		{C14AD67C-29FC-46A2-B7D8-622AED5C44D8}.Release|Any CPU.ActiveCfg = Release|Any CPU
		{C14AD67C-29FC-46A2-B7D8-622AED5C44D8}.Release|Any CPU.Build.0 = Release|Any CPU
	EndGlobalSection
	GlobalSection(SolutionProperties) = preSolution
		HideSolutionNode = FALSE
	EndGlobalSection
	GlobalSection(ExtensibilityGlobals) = postSolution
		SolutionGuid = {BA741DC3-2471-4CED-A989-EBDF5484E001}
	EndGlobalSection
EndGlobal
