
Microsoft Visual Studio Solution File, Format Version 12.00
# Visual Studio 15
VisualStudioVersion = 15.0.27130.2027
MinimumVisualStudioVersion = 10.0.40219.1
Project("{9A19103F-16F7-4668-BE54-9A1E7A4F7556}") = "TokenAuth", "TokenAuth\TokenAuth.csproj", "{1141FE2C-921B-4575-A02B-82B54D5ABB69}"
EndProject
Project("{9A19103F-16F7-4668-BE54-9A1E7A4F7556}") = "MisturTee", "MisturTee\MisturTee.csproj", "{C14AD67C-29FC-46A2-B7D8-622AED5C44D8}"
EndProject
Project("{9A19103F-16F7-4668-BE54-9A1E7A4F7556}") = "MisturTee.TestMeFool", "MisturTee.TestMeFool\MisturTee.TestMeFool.csproj", "{A3404A4A-BDBA-42A9-AF55-FC96EABB8E5F}"
EndProject
Project("{2150E333-8FDC-42A3-9474-1A3956D46DE8}") = "Solution Items", "Solution Items", "{39B7C217-C6D4-4885-B8F7-7FF59A2DAB01}"
	ProjectSection(SolutionItems) = preProject
		CodeCoverage.runsettings = CodeCoverage.runsettings
		BuildTools\OpenCoverToCobertura.ps1 = BuildTools\OpenCoverToCobertura.ps1
		BuildTools\OpenCoverToCoberturaConverter.exe = BuildTools\OpenCoverToCoberturaConverter.exe
	EndProjectSection
EndProject
Project("{2150E333-8FDC-42A3-9474-1A3956D46DE8}") = "OpenCover", "OpenCover", "{4C476611-B9B7-446C-A0C9-83F47BA01216}"
	ProjectSection(SolutionItems) = preProject
		BuildTools\OpenCover\Autofac.Configuration.dll = BuildTools\OpenCover\Autofac.Configuration.dll
		BuildTools\OpenCover\Autofac.dll = BuildTools\OpenCover\Autofac.dll
		BuildTools\OpenCover\CodeCoverage.ps1 = BuildTools\OpenCover\CodeCoverage.ps1
		BuildTools\OpenCover\CrashReporter.NET.dll = BuildTools\OpenCover\CrashReporter.NET.dll
		BuildTools\OpenCover\Gendarme.Framework.dll = BuildTools\OpenCover\Gendarme.Framework.dll
		BuildTools\OpenCover\Gendarme.Rules.Maintainability.dll = BuildTools\OpenCover\Gendarme.Rules.Maintainability.dll
		BuildTools\OpenCover\log4net.dll = BuildTools\OpenCover\log4net.dll
		BuildTools\OpenCover\Mono.Cecil.dll = BuildTools\OpenCover\Mono.Cecil.dll
		BuildTools\OpenCover\Mono.Cecil.Mdb.dll = BuildTools\OpenCover\Mono.Cecil.Mdb.dll
		BuildTools\OpenCover\Mono.Cecil.Pdb.dll = BuildTools\OpenCover\Mono.Cecil.Pdb.dll
		BuildTools\OpenCover\OpenCover.Console.exe = BuildTools\OpenCover\OpenCover.Console.exe
		BuildTools\OpenCover\OpenCover.Console.exe.config = BuildTools\OpenCover\OpenCover.Console.exe.config
		BuildTools\OpenCover\OpenCover.Console.pdb = BuildTools\OpenCover\OpenCover.Console.pdb
		BuildTools\OpenCover\OpenCover.Extensions.dll = BuildTools\OpenCover\OpenCover.Extensions.dll
		BuildTools\OpenCover\OpenCover.Extensions.pdb = BuildTools\OpenCover\OpenCover.Extensions.pdb
		BuildTools\OpenCover\OpenCover.Framework.dll = BuildTools\OpenCover\OpenCover.Framework.dll
		BuildTools\OpenCover\OpenCover.Framework.pdb = BuildTools\OpenCover\OpenCover.Framework.pdb
	EndProjectSection
EndProject
Global
	GlobalSection(SolutionConfigurationPlatforms) = preSolution
		Debug|Any CPU = Debug|Any CPU
		Release|Any CPU = Release|Any CPU
	EndGlobalSection
	GlobalSection(ProjectConfigurationPlatforms) = postSolution
		{1141FE2C-921B-4575-A02B-82B54D5ABB69}.Debug|Any CPU.ActiveCfg = Debug|Any CPU
		{1141FE2C-921B-4575-A02B-82B54D5ABB69}.Debug|Any CPU.Build.0 = Debug|Any CPU
		{1141FE2C-921B-4575-A02B-82B54D5ABB69}.Release|Any CPU.ActiveCfg = Release|Any CPU
		{1141FE2C-921B-4575-A02B-82B54D5ABB69}.Release|Any CPU.Build.0 = Release|Any CPU
		{C14AD67C-29FC-46A2-B7D8-622AED5C44D8}.Debug|Any CPU.ActiveCfg = Debug|Any CPU
		{C14AD67C-29FC-46A2-B7D8-622AED5C44D8}.Debug|Any CPU.Build.0 = Debug|Any CPU
		{C14AD67C-29FC-46A2-B7D8-622AED5C44D8}.Release|Any CPU.ActiveCfg = Release|Any CPU
		{C14AD67C-29FC-46A2-B7D8-622AED5C44D8}.Release|Any CPU.Build.0 = Release|Any CPU
		{A3404A4A-BDBA-42A9-AF55-FC96EABB8E5F}.Debug|Any CPU.ActiveCfg = Debug|Any CPU
		{A3404A4A-BDBA-42A9-AF55-FC96EABB8E5F}.Debug|Any CPU.Build.0 = Debug|Any CPU
		{A3404A4A-BDBA-42A9-AF55-FC96EABB8E5F}.Release|Any CPU.ActiveCfg = Release|Any CPU
		{A3404A4A-BDBA-42A9-AF55-FC96EABB8E5F}.Release|Any CPU.Build.0 = Release|Any CPU
	EndGlobalSection
	GlobalSection(SolutionProperties) = preSolution
		HideSolutionNode = FALSE
	EndGlobalSection
	GlobalSection(NestedProjects) = preSolution
		{4C476611-B9B7-446C-A0C9-83F47BA01216} = {39B7C217-C6D4-4885-B8F7-7FF59A2DAB01}
	EndGlobalSection
	GlobalSection(ExtensibilityGlobals) = postSolution
		SolutionGuid = {BA741DC3-2471-4CED-A989-EBDF5484E001}
	EndGlobalSection
EndGlobal
